// !$*UTF8*$!
{
	archiveVersion = 1;
	classes = {
	};
	objectVersion = 50;
	objects = {

/* Begin PBXBuildFile section */
		6A433C39209076A7003EF463 /* AppDelegate.swift in Sources */ = {isa = PBXBuildFile; fileRef = 6A433C38209076A7003EF463 /* AppDelegate.swift */; };
		6A433C3B209076A7003EF463 /* MapController.swift in Sources */ = {isa = PBXBuildFile; fileRef = 6A433C3A209076A7003EF463 /* MapController.swift */; };
		6A433C3E209076A7003EF463 /* Main.storyboard in Resources */ = {isa = PBXBuildFile; fileRef = 6A433C3C209076A7003EF463 /* Main.storyboard */; };
		6A433C40209076A8003EF463 /* Assets.xcassets in Resources */ = {isa = PBXBuildFile; fileRef = 6A433C3F209076A8003EF463 /* Assets.xcassets */; };
		6A433C43209076A8003EF463 /* LaunchScreen.storyboard in Resources */ = {isa = PBXBuildFile; fileRef = 6A433C41209076A8003EF463 /* LaunchScreen.storyboard */; };
		6A5803DD2094DE76003E15C3 /* StudentLocation.swift in Sources */ = {isa = PBXBuildFile; fileRef = 6A5803DC2094DE76003E15C3 /* StudentLocation.swift */; };
		6A5803DF2094DE92003E15C3 /* ParseConvenience.swift in Sources */ = {isa = PBXBuildFile; fileRef = 6A5803DE2094DE92003E15C3 /* ParseConvenience.swift */; };
		6A5803E120950CF0003E15C3 /* RequestUtils.swift in Sources */ = {isa = PBXBuildFile; fileRef = 6A5803E020950CF0003E15C3 /* RequestUtils.swift */; };
		6A5803E32095B7A0003E15C3 /* DateUtils.swift in Sources */ = {isa = PBXBuildFile; fileRef = 6A5803E22095B7A0003E15C3 /* DateUtils.swift */; };
		6A5803E52095F550003E15C3 /* UdacityClient.swift in Sources */ = {isa = PBXBuildFile; fileRef = 6A5803E42095F550003E15C3 /* UdacityClient.swift */; };
		6AB30A0220939835009CE32F /* MapController+MapDelegate.swift in Sources */ = {isa = PBXBuildFile; fileRef = 6AB30A0120939835009CE32F /* MapController+MapDelegate.swift */; };
		6AB30A0420939AFC009CE32F /* GCDBlackBox.swift in Sources */ = {isa = PBXBuildFile; fileRef = 6AB30A0320939AFC009CE32F /* GCDBlackBox.swift */; };
		6AB30A062093C55C009CE32F /* LoginViewController.swift in Sources */ = {isa = PBXBuildFile; fileRef = 6AB30A052093C55C009CE32F /* LoginViewController.swift */; };
		6AB30A082093D0AB009CE32F /* HTTPStatusCodes.swift in Sources */ = {isa = PBXBuildFile; fileRef = 6AB30A072093D0AB009CE32F /* HTTPStatusCodes.swift */; };
		6AB30A0D2093D2FD009CE32F /* StudentModel.swift in Sources */ = {isa = PBXBuildFile; fileRef = 6AB30A0C2093D2FD009CE32F /* StudentModel.swift */; };
		6AB30A0F2093D6E0009CE32F /* ParseClient.swift in Sources */ = {isa = PBXBuildFile; fileRef = 6AB30A0E2093D6E0009CE32F /* ParseClient.swift */; };
		6AB30A112093DBD9009CE32F /* ParseConstants.swift in Sources */ = {isa = PBXBuildFile; fileRef = 6AB30A102093DBD9009CE32F /* ParseConstants.swift */; };
		6AB39B902099A3F300291EDB /* UdacityConstants.swift in Sources */ = {isa = PBXBuildFile; fileRef = 6AB39B8F2099A3F300291EDB /* UdacityConstants.swift */; };
		6AB39B922099A4BA00291EDB /* UdacityClientUtils.swift in Sources */ = {isa = PBXBuildFile; fileRef = 6AB39B912099A4BA00291EDB /* UdacityClientUtils.swift */; };
/* End PBXBuildFile section */

/* Begin PBXFileReference section */
		6A433C35209076A7003EF463 /* OnTheMap.app */ = {isa = PBXFileReference; explicitFileType = wrapper.application; includeInIndex = 0; path = OnTheMap.app; sourceTree = BUILT_PRODUCTS_DIR; };
		6A433C38209076A7003EF463 /* AppDelegate.swift */ = {isa = PBXFileReference; lastKnownFileType = sourcecode.swift; path = AppDelegate.swift; sourceTree = "<group>"; };
		6A433C3A209076A7003EF463 /* MapController.swift */ = {isa = PBXFileReference; lastKnownFileType = sourcecode.swift; path = MapController.swift; sourceTree = "<group>"; };
		6A433C3D209076A7003EF463 /* Base */ = {isa = PBXFileReference; lastKnownFileType = file.storyboard; name = Base; path = Base.lproj/Main.storyboard; sourceTree = "<group>"; };
		6A433C3F209076A8003EF463 /* Assets.xcassets */ = {isa = PBXFileReference; lastKnownFileType = folder.assetcatalog; path = Assets.xcassets; sourceTree = "<group>"; };
		6A433C42209076A8003EF463 /* Base */ = {isa = PBXFileReference; lastKnownFileType = file.storyboard; name = Base; path = Base.lproj/LaunchScreen.storyboard; sourceTree = "<group>"; };
		6A433C44209076A8003EF463 /* Info.plist */ = {isa = PBXFileReference; lastKnownFileType = text.plist.xml; path = Info.plist; sourceTree = "<group>"; };
		6A5803DC2094DE76003E15C3 /* StudentLocation.swift */ = {isa = PBXFileReference; lastKnownFileType = sourcecode.swift; path = StudentLocation.swift; sourceTree = "<group>"; };
		6A5803DE2094DE92003E15C3 /* ParseConvenience.swift */ = {isa = PBXFileReference; lastKnownFileType = sourcecode.swift; path = ParseConvenience.swift; sourceTree = "<group>"; };
		6A5803E020950CF0003E15C3 /* RequestUtils.swift */ = {isa = PBXFileReference; lastKnownFileType = sourcecode.swift; path = RequestUtils.swift; sourceTree = "<group>"; };
		6A5803E22095B7A0003E15C3 /* DateUtils.swift */ = {isa = PBXFileReference; lastKnownFileType = sourcecode.swift; path = DateUtils.swift; sourceTree = "<group>"; };
		6A5803E42095F550003E15C3 /* UdacityClient.swift */ = {isa = PBXFileReference; lastKnownFileType = sourcecode.swift; path = UdacityClient.swift; sourceTree = "<group>"; };
		6AB30A0120939835009CE32F /* MapController+MapDelegate.swift */ = {isa = PBXFileReference; lastKnownFileType = sourcecode.swift; path = "MapController+MapDelegate.swift"; sourceTree = "<group>"; };
		6AB30A0320939AFC009CE32F /* GCDBlackBox.swift */ = {isa = PBXFileReference; lastKnownFileType = sourcecode.swift; path = GCDBlackBox.swift; sourceTree = "<group>"; };
		6AB30A052093C55C009CE32F /* LoginViewController.swift */ = {isa = PBXFileReference; lastKnownFileType = sourcecode.swift; path = LoginViewController.swift; sourceTree = "<group>"; };
		6AB30A072093D0AB009CE32F /* HTTPStatusCodes.swift */ = {isa = PBXFileReference; lastKnownFileType = sourcecode.swift; path = HTTPStatusCodes.swift; sourceTree = "<group>"; };
		6AB30A0C2093D2FD009CE32F /* StudentModel.swift */ = {isa = PBXFileReference; lastKnownFileType = sourcecode.swift; path = StudentModel.swift; sourceTree = "<group>"; };
		6AB30A0E2093D6E0009CE32F /* ParseClient.swift */ = {isa = PBXFileReference; lastKnownFileType = sourcecode.swift; path = ParseClient.swift; sourceTree = "<group>"; };
		6AB30A102093DBD9009CE32F /* ParseConstants.swift */ = {isa = PBXFileReference; lastKnownFileType = sourcecode.swift; path = ParseConstants.swift; sourceTree = "<group>"; };
		6AB39B8F2099A3F300291EDB /* UdacityConstants.swift */ = {isa = PBXFileReference; lastKnownFileType = sourcecode.swift; path = UdacityConstants.swift; sourceTree = "<group>"; };
		6AB39B912099A4BA00291EDB /* UdacityClientUtils.swift */ = {isa = PBXFileReference; lastKnownFileType = sourcecode.swift; path = UdacityClientUtils.swift; sourceTree = "<group>"; };
/* End PBXFileReference section */

/* Begin PBXFrameworksBuildPhase section */
		6A433C32209076A7003EF463 /* Frameworks */ = {
			isa = PBXFrameworksBuildPhase;
			buildActionMask = 2147483647;
			files = (
			);
			runOnlyForDeploymentPostprocessing = 0;
		};
/* End PBXFrameworksBuildPhase section */

/* Begin PBXGroup section */
		6A433C2C209076A7003EF463 = {
			isa = PBXGroup;
			children = (
				6A433C37209076A7003EF463 /* OnTheMap */,
				6A433C36209076A7003EF463 /* Products */,
			);
			sourceTree = "<group>";
		};
		6A433C36209076A7003EF463 /* Products */ = {
			isa = PBXGroup;
			children = (
				6A433C35209076A7003EF463 /* OnTheMap.app */,
			);
			name = Products;
			sourceTree = "<group>";
		};
		6A433C37209076A7003EF463 /* OnTheMap */ = {
			isa = PBXGroup;
			children = (
				6AD139312090F2C500D2D3F2 /* ViewControllers */,
				6AD139342090F39100D2D3F2 /* Utils */,
				6AD139352090F39F00D2D3F2 /* ViewDelegates */,
				6AD139362090F3AC00D2D3F2 /* Model */,
				6AD139382090F3EB00D2D3F2 /* View */,
				6AD139372090F3B600D2D3F2 /* Assets */,
				6A433C38209076A7003EF463 /* AppDelegate.swift */,
				6A433C44209076A8003EF463 /* Info.plist */,
			);
			path = OnTheMap;
			sourceTree = "<group>";
		};
		6AB30A092093D12C009CE32F /* Clients */ = {
			isa = PBXGroup;
			children = (
				6AB30A0A2093D14D009CE32F /* Parse */,
				6AB30A0B2093D157009CE32F /* Udacity */,
				6A5803E020950CF0003E15C3 /* RequestUtils.swift */,
			);
			path = Clients;
			sourceTree = "<group>";
		};
		6AB30A0A2093D14D009CE32F /* Parse */ = {
			isa = PBXGroup;
			children = (
				6AB30A0E2093D6E0009CE32F /* ParseClient.swift */,
				6AB30A102093DBD9009CE32F /* ParseConstants.swift */,
				6A5803DC2094DE76003E15C3 /* StudentLocation.swift */,
				6A5803DE2094DE92003E15C3 /* ParseConvenience.swift */,
			);
			path = Parse;
			sourceTree = "<group>";
		};
		6AB30A0B2093D157009CE32F /* Udacity */ = {
			isa = PBXGroup;
			children = (
				6A5803E42095F550003E15C3 /* UdacityClient.swift */,
				6AB39B8F2099A3F300291EDB /* UdacityConstants.swift */,
				6AB39B912099A4BA00291EDB /* UdacityClientUtils.swift */,
			);
			path = Udacity;
			sourceTree = "<group>";
		};
		6AD139312090F2C500D2D3F2 /* ViewControllers */ = {
			isa = PBXGroup;
			children = (
				6AD139322090F2D500D2D3F2 /* Map */,
				6AD139332090F2E100D2D3F2 /* Table */,
				6AB30A052093C55C009CE32F /* LoginViewController.swift */,
			);
			path = ViewControllers;
			sourceTree = "<group>";
		};
		6AD139322090F2D500D2D3F2 /* Map */ = {
			isa = PBXGroup;
			children = (
				6A433C3A209076A7003EF463 /* MapController.swift */,
				6AB30A0120939835009CE32F /* MapController+MapDelegate.swift */,
			);
			path = Map;
			sourceTree = "<group>";
		};
		6AD139332090F2E100D2D3F2 /* Table */ = {
			isa = PBXGroup;
			children = (
			);
			path = Table;
			sourceTree = "<group>";
		};
		6AD139342090F39100D2D3F2 /* Utils */ = {
			isa = PBXGroup;
			children = (
				6AB30A0320939AFC009CE32F /* GCDBlackBox.swift */,
				6A5803E22095B7A0003E15C3 /* DateUtils.swift */,
			);
			path = Utils;
			sourceTree = "<group>";
		};
		6AD139352090F39F00D2D3F2 /* ViewDelegates */ = {
			isa = PBXGroup;
			children = (
			);
			path = ViewDelegates;
			sourceTree = "<group>";
		};
		6AD139362090F3AC00D2D3F2 /* Model */ = {
			isa = PBXGroup;
			children = (
				6AB30A072093D0AB009CE32F /* HTTPStatusCodes.swift */,
				6AB30A092093D12C009CE32F /* Clients */,
				6AB30A0C2093D2FD009CE32F /* StudentModel.swift */,
			);
			path = Model;
			sourceTree = "<group>";
		};
		6AD139372090F3B600D2D3F2 /* Assets */ = {
			isa = PBXGroup;
			children = (
				6A433C3C209076A7003EF463 /* Main.storyboard */,
				6A433C41209076A8003EF463 /* LaunchScreen.storyboard */,
				6A433C3F209076A8003EF463 /* Assets.xcassets */,
			);
			path = Assets;
			sourceTree = "<group>";
		};
		6AD139382090F3EB00D2D3F2 /* View */ = {
			isa = PBXGroup;
			children = (
			);
			path = View;
			sourceTree = "<group>";
		};
/* End PBXGroup section */

/* Begin PBXNativeTarget section */
		6A433C34209076A7003EF463 /* OnTheMap */ = {
			isa = PBXNativeTarget;
			buildConfigurationList = 6A433C47209076A8003EF463 /* Build configuration list for PBXNativeTarget "OnTheMap" */;
			buildPhases = (
				6A433C31209076A7003EF463 /* Sources */,
				6A433C32209076A7003EF463 /* Frameworks */,
				6A433C33209076A7003EF463 /* Resources */,
			);
			buildRules = (
			);
			dependencies = (
			);
			name = OnTheMap;
			productName = OnTheMap;
			productReference = 6A433C35209076A7003EF463 /* OnTheMap.app */;
			productType = "com.apple.product-type.application";
		};
/* End PBXNativeTarget section */

/* Begin PBXProject section */
		6A433C2D209076A7003EF463 /* Project object */ = {
			isa = PBXProject;
			attributes = {
				LastSwiftUpdateCheck = 0930;
				LastUpgradeCheck = 0930;
				ORGANIZATIONNAME = "akhil mantha";
				TargetAttributes = {
					6A433C34209076A7003EF463 = {
						CreatedOnToolsVersion = 9.3;
					};
				};
			};
			buildConfigurationList = 6A433C30209076A7003EF463 /* Build configuration list for PBXProject "OnTheMap" */;
			compatibilityVersion = "Xcode 9.3";
			developmentRegion = en;
			hasScannedForEncodings = 0;
			knownRegions = (
				en,
				Base,
			);
			mainGroup = 6A433C2C209076A7003EF463;
			productRefGroup = 6A433C36209076A7003EF463 /* Products */;
			projectDirPath = "";
			projectRoot = "";
			targets = (
				6A433C34209076A7003EF463 /* OnTheMap */,
			);
		};
/* End PBXProject section */

/* Begin PBXResourcesBuildPhase section */
		6A433C33209076A7003EF463 /* Resources */ = {
			isa = PBXResourcesBuildPhase;
			buildActionMask = 2147483647;
			files = (
				6A433C43209076A8003EF463 /* LaunchScreen.storyboard in Resources */,
				6A433C40209076A8003EF463 /* Assets.xcassets in Resources */,
				6A433C3E209076A7003EF463 /* Main.storyboard in Resources */,
			);
			runOnlyForDeploymentPostprocessing = 0;
		};
/* End PBXResourcesBuildPhase section */

/* Begin PBXSourcesBuildPhase section */
		6A433C31209076A7003EF463 /* Sources */ = {
			isa = PBXSourcesBuildPhase;
			buildActionMask = 2147483647;
			files = (
				6A5803DF2094DE92003E15C3 /* ParseConvenience.swift in Sources */,
				6AB30A0D2093D2FD009CE32F /* StudentModel.swift in Sources */,
				6AB30A0420939AFC009CE32F /* GCDBlackBox.swift in Sources */,
				6A5803E32095B7A0003E15C3 /* DateUtils.swift in Sources */,
				6A5803E120950CF0003E15C3 /* RequestUtils.swift in Sources */,
				6AB30A0220939835009CE32F /* MapController+MapDelegate.swift in Sources */,
				6AB39B922099A4BA00291EDB /* UdacityClientUtils.swift in Sources */,
				6A433C3B209076A7003EF463 /* MapController.swift in Sources */,
				6AB30A062093C55C009CE32F /* LoginViewController.swift in Sources */,
				6AB30A112093DBD9009CE32F /* ParseConstants.swift in Sources */,
				6AB30A082093D0AB009CE32F /* HTTPStatusCodes.swift in Sources */,
				6AB30A0F2093D6E0009CE32F /* ParseClient.swift in Sources */,
				6AB39B902099A3F300291EDB /* UdacityConstants.swift in Sources */,
				6A5803DD2094DE76003E15C3 /* StudentLocation.swift in Sources */,
				6A5803E52095F550003E15C3 /* UdacityClient.swift in Sources */,
				6A433C39209076A7003EF463 /* AppDelegate.swift in Sources */,
			);
			runOnlyForDeploymentPostprocessing = 0;
		};
/* End PBXSourcesBuildPhase section */

/* Begin PBXVariantGroup section */
		6A433C3C209076A7003EF463 /* Main.storyboard */ = {
			isa = PBXVariantGroup;
			children = (
				6A433C3D209076A7003EF463 /* Base */,
			);
			name = Main.storyboard;
			sourceTree = "<group>";
		};
		6A433C41209076A8003EF463 /* LaunchScreen.storyboard */ = {
			isa = PBXVariantGroup;
			children = (
				6A433C42209076A8003EF463 /* Base */,
			);
			name = LaunchScreen.storyboard;
			sourceTree = "<group>";
		};
/* End PBXVariantGroup section */

/* Begin XCBuildConfiguration section */
		6A433C45209076A8003EF463 /* Debug */ = {
			isa = XCBuildConfiguration;
			buildSettings = {
				ALWAYS_SEARCH_USER_PATHS = NO;
				CLANG_ANALYZER_NONNULL = YES;
				CLANG_ANALYZER_NUMBER_OBJECT_CONVERSION = YES_AGGRESSIVE;
				CLANG_CXX_LANGUAGE_STANDARD = "gnu++14";
				CLANG_CXX_LIBRARY = "libc++";
				CLANG_ENABLE_MODULES = YES;
				CLANG_ENABLE_OBJC_ARC = YES;
				CLANG_ENABLE_OBJC_WEAK = YES;
				CLANG_WARN_BLOCK_CAPTURE_AUTORELEASING = YES;
				CLANG_WARN_BOOL_CONVERSION = YES;
				CLANG_WARN_COMMA = YES;
				CLANG_WARN_CONSTANT_CONVERSION = YES;
				CLANG_WARN_DEPRECATED_OBJC_IMPLEMENTATIONS = YES;
				CLANG_WARN_DIRECT_OBJC_ISA_USAGE = YES_ERROR;
				CLANG_WARN_DOCUMENTATION_COMMENTS = YES;
				CLANG_WARN_EMPTY_BODY = YES;
				CLANG_WARN_ENUM_CONVERSION = YES;
				CLANG_WARN_INFINITE_RECURSION = YES;
				CLANG_WARN_INT_CONVERSION = YES;
				CLANG_WARN_NON_LITERAL_NULL_CONVERSION = YES;
				CLANG_WARN_OBJC_IMPLICIT_RETAIN_SELF = YES;
				CLANG_WARN_OBJC_LITERAL_CONVERSION = YES;
				CLANG_WARN_OBJC_ROOT_CLASS = YES_ERROR;
				CLANG_WARN_RANGE_LOOP_ANALYSIS = YES;
				CLANG_WARN_STRICT_PROTOTYPES = YES;
				CLANG_WARN_SUSPICIOUS_MOVE = YES;
				CLANG_WARN_UNGUARDED_AVAILABILITY = YES_AGGRESSIVE;
				CLANG_WARN_UNREACHABLE_CODE = YES;
				CLANG_WARN__DUPLICATE_METHOD_MATCH = YES;
				CODE_SIGN_IDENTITY = "iPhone Developer";
				COPY_PHASE_STRIP = NO;
				DEBUG_INFORMATION_FORMAT = dwarf;
				ENABLE_STRICT_OBJC_MSGSEND = YES;
				ENABLE_TESTABILITY = YES;
				GCC_C_LANGUAGE_STANDARD = gnu11;
				GCC_DYNAMIC_NO_PIC = NO;
				GCC_NO_COMMON_BLOCKS = YES;
				GCC_OPTIMIZATION_LEVEL = 0;
				GCC_PREPROCESSOR_DEFINITIONS = (
					"DEBUG=1",
					"$(inherited)",
				);
				GCC_WARN_64_TO_32_BIT_CONVERSION = YES;
				GCC_WARN_ABOUT_RETURN_TYPE = YES_ERROR;
				GCC_WARN_UNDECLARED_SELECTOR = YES;
				GCC_WARN_UNINITIALIZED_AUTOS = YES_AGGRESSIVE;
				GCC_WARN_UNUSED_FUNCTION = YES;
				GCC_WARN_UNUSED_VARIABLE = YES;
				IPHONEOS_DEPLOYMENT_TARGET = 11.3;
				MTL_ENABLE_DEBUG_INFO = YES;
				ONLY_ACTIVE_ARCH = YES;
				SDKROOT = iphoneos;
				SWIFT_ACTIVE_COMPILATION_CONDITIONS = DEBUG;
				SWIFT_OPTIMIZATION_LEVEL = "-Onone";
			};
			name = Debug;
		};
		6A433C46209076A8003EF463 /* Release */ = {
			isa = XCBuildConfiguration;
			buildSettings = {
				ALWAYS_SEARCH_USER_PATHS = NO;
				CLANG_ANALYZER_NONNULL = YES;
				CLANG_ANALYZER_NUMBER_OBJECT_CONVERSION = YES_AGGRESSIVE;
				CLANG_CXX_LANGUAGE_STANDARD = "gnu++14";
				CLANG_CXX_LIBRARY = "libc++";
				CLANG_ENABLE_MODULES = YES;
				CLANG_ENABLE_OBJC_ARC = YES;
				CLANG_ENABLE_OBJC_WEAK = YES;
				CLANG_WARN_BLOCK_CAPTURE_AUTORELEASING = YES;
				CLANG_WARN_BOOL_CONVERSION = YES;
				CLANG_WARN_COMMA = YES;
				CLANG_WARN_CONSTANT_CONVERSION = YES;
				CLANG_WARN_DEPRECATED_OBJC_IMPLEMENTATIONS = YES;
				CLANG_WARN_DIRECT_OBJC_ISA_USAGE = YES_ERROR;
				CLANG_WARN_DOCUMENTATION_COMMENTS = YES;
				CLANG_WARN_EMPTY_BODY = YES;
				CLANG_WARN_ENUM_CONVERSION = YES;
				CLANG_WARN_INFINITE_RECURSION = YES;
				CLANG_WARN_INT_CONVERSION = YES;
				CLANG_WARN_NON_LITERAL_NULL_CONVERSION = YES;
				CLANG_WARN_OBJC_IMPLICIT_RETAIN_SELF = YES;
				CLANG_WARN_OBJC_LITERAL_CONVERSION = YES;
				CLANG_WARN_OBJC_ROOT_CLASS = YES_ERROR;
				CLANG_WARN_RANGE_LOOP_ANALYSIS = YES;
				CLANG_WARN_STRICT_PROTOTYPES = YES;
				CLANG_WARN_SUSPICIOUS_MOVE = YES;
				CLANG_WARN_UNGUARDED_AVAILABILITY = YES_AGGRESSIVE;
				CLANG_WARN_UNREACHABLE_CODE = YES;
				CLANG_WARN__DUPLICATE_METHOD_MATCH = YES;
				CODE_SIGN_IDENTITY = "iPhone Developer";
				COPY_PHASE_STRIP = NO;
				DEBUG_INFORMATION_FORMAT = "dwarf-with-dsym";
				ENABLE_NS_ASSERTIONS = NO;
				ENABLE_STRICT_OBJC_MSGSEND = YES;
				GCC_C_LANGUAGE_STANDARD = gnu11;
				GCC_NO_COMMON_BLOCKS = YES;
				GCC_WARN_64_TO_32_BIT_CONVERSION = YES;
				GCC_WARN_ABOUT_RETURN_TYPE = YES_ERROR;
				GCC_WARN_UNDECLARED_SELECTOR = YES;
				GCC_WARN_UNINITIALIZED_AUTOS = YES_AGGRESSIVE;
				GCC_WARN_UNUSED_FUNCTION = YES;
				GCC_WARN_UNUSED_VARIABLE = YES;
				IPHONEOS_DEPLOYMENT_TARGET = 11.3;
				MTL_ENABLE_DEBUG_INFO = NO;
				SDKROOT = iphoneos;
				SWIFT_COMPILATION_MODE = wholemodule;
				SWIFT_OPTIMIZATION_LEVEL = "-O";
				VALIDATE_PRODUCT = YES;
			};
			name = Release;
		};
		6A433C48209076A8003EF463 /* Debug */ = {
			isa = XCBuildConfiguration;
			buildSettings = {
				ASSETCATALOG_COMPILER_APPICON_NAME = AppIcon;
				CODE_SIGN_STYLE = Automatic;
				DEVELOPMENT_TEAM = C6Y7K2ZF65;
				INFOPLIST_FILE = OnTheMap/Info.plist;
				LD_RUNPATH_SEARCH_PATHS = (
					"$(inherited)",
					"@executable_path/Frameworks",
				);
				PRODUCT_BUNDLE_IDENTIFIER = askdn.OnTheMap;
				PRODUCT_NAME = "$(TARGET_NAME)";
				SWIFT_VERSION = 4.0;
				TARGETED_DEVICE_FAMILY = "1,2";
			};
			name = Debug;
		};
		6A433C49209076A8003EF463 /* Release */ = {
			isa = XCBuildConfiguration;
			buildSettings = {
				ASSETCATALOG_COMPILER_APPICON_NAME = AppIcon;
				CODE_SIGN_STYLE = Automatic;
				DEVELOPMENT_TEAM = C6Y7K2ZF65;
				INFOPLIST_FILE = OnTheMap/Info.plist;
				LD_RUNPATH_SEARCH_PATHS = (
					"$(inherited)",
					"@executable_path/Frameworks",
				);
				PRODUCT_BUNDLE_IDENTIFIER = askdn.OnTheMap;
				PRODUCT_NAME = "$(TARGET_NAME)";
				SWIFT_VERSION = 4.0;
				TARGETED_DEVICE_FAMILY = "1,2";
			};
			name = Release;
		};
/* End XCBuildConfiguration section */

/* Begin XCConfigurationList section */
		6A433C30209076A7003EF463 /* Build configuration list for PBXProject "OnTheMap" */ = {
			isa = XCConfigurationList;
			buildConfigurations = (
				6A433C45209076A8003EF463 /* Debug */,
				6A433C46209076A8003EF463 /* Release */,
			);
			defaultConfigurationIsVisible = 0;
			defaultConfigurationName = Release;
		};
		6A433C47209076A8003EF463 /* Build configuration list for PBXNativeTarget "OnTheMap" */ = {
			isa = XCConfigurationList;
			buildConfigurations = (
				6A433C48209076A8003EF463 /* Debug */,
				6A433C49209076A8003EF463 /* Release */,
			);
			defaultConfigurationIsVisible = 0;
			defaultConfigurationName = Release;
		};
/* End XCConfigurationList section */
	};
	rootObject = 6A433C2D209076A7003EF463 /* Project object */;
}
